{
  "nodes": {
    "nixpkgs": {
      "locked": {
        "lastModified": 1776548001,
        "narHash": "sha256-ZSK0NL4a1BwVbbTBoSnWgbJy9HeZFXLYQizjb2DPF24=",
        "owner": "nixos",
        "repo": "nixpkgs",
        "rev": "b12141ef619e0a9c1c84dc8c684040326f27cdcc",
        "type": "github"
      },
      "original": {
        "owner": "nixos",
        "ref": "nixos-unstable",
        "repo": "nixpkgs",
        "type": "github"
      }
    },
    "root": {
      "inputs": {
        "nixpkgs": "nixpkgs",
        "vp-nix": "vp-nix"
      }
    },
    "rust-overlay": {
      "inputs": {
        "nixpkgs": [
          "vp-nix",
          "nixpkgs"
        ]
      },
      "locked": {
        "lastModified": 1773457417,
        "narHash": "sha256-waABTSxPdbxml4BhcabHhyQF02Qnj27qRU4ard0mTQo=",
        "owner": "oxalica",
        "repo": "rust-overlay",
        "rev": "055977c30249484010750e03074c744dcdaa0d23",
        "type": "github"
      },
      "original": {
        "owner": "oxalica",
        "repo": "rust-overlay",
        "type": "github"
      }
    },
    "vp-nix": {
      "inputs": {
        "nixpkgs": [
          "nixpkgs"
        ],
        "rust-overlay": "rust-overlay"
      },
      "locked": {
        "lastModified": 1776989978,
        "narHash": "sha256-+IqJFmkhFPsnFRxeyzipRmvkH5ub8jkWFEf/EP/lDyk=",
        "owner": "naitokosuke",
        "repo": "vp-nix",
        "rev": "3805acaad0233d3d43a817b32b1a8427c860180a",
        "type": "github"
      },
      "original": {
        "owner": "naitokosuke",
        "repo": "vp-nix",
        "type": "github"
      }
    }
  },
  "root": "root",
  "version": 7
}
